// !$*UTF8*$!
{
	archiveVersion = 1;
	classes = {
	};
	objectVersion = 50;
	objects = {

/* Begin PBXBuildFile section */
		9116BAC9239D2607005BF293 /* LikeButton.swift in Sources */ = {isa = PBXBuildFile; fileRef = 9116BAC8239D2607005BF293 /* LikeButton.swift */; };
		911E5A6E239A9F73008CD4D6 /* CustomView.swift in Sources */ = {isa = PBXBuildFile; fileRef = 911E5A6D239A9F73008CD4D6 /* CustomView.swift */; };
		911E5A70239D08B4008CD4D6 /* CircleShadowImage.swift in Sources */ = {isa = PBXBuildFile; fileRef = 911E5A6F239D08B4008CD4D6 /* CircleShadowImage.swift */; };
		911E5A72239D1113008CD4D6 /* Friend.swift in Sources */ = {isa = PBXBuildFile; fileRef = 911E5A71239D1113008CD4D6 /* Friend.swift */; };
		911E5A74239D1377008CD4D6 /* Group.swift in Sources */ = {isa = PBXBuildFile; fileRef = 911E5A73239D1377008CD4D6 /* Group.swift */; };
		914E8ACE239E5A960020FFD0 /* Gradient.swift in Sources */ = {isa = PBXBuildFile; fileRef = 914E8ACD239E5A960020FFD0 /* Gradient.swift */; };
		915B9DA72389B93800944194 /* AppDelegate.swift in Sources */ = {isa = PBXBuildFile; fileRef = 915B9DA62389B93800944194 /* AppDelegate.swift */; };
		915B9DA92389B93800944194 /* SceneDelegate.swift in Sources */ = {isa = PBXBuildFile; fileRef = 915B9DA82389B93800944194 /* SceneDelegate.swift */; };
		915B9DAB2389B93800944194 /* ViewController.swift in Sources */ = {isa = PBXBuildFile; fileRef = 915B9DAA2389B93800944194 /* ViewController.swift */; };
		915B9DAE2389B93800944194 /* Main.storyboard in Resources */ = {isa = PBXBuildFile; fileRef = 915B9DAC2389B93800944194 /* Main.storyboard */; };
		915B9DB02389B93C00944194 /* Assets.xcassets in Resources */ = {isa = PBXBuildFile; fileRef = 915B9DAF2389B93C00944194 /* Assets.xcassets */; };
		915B9DB32389B93C00944194 /* LaunchScreen.storyboard in Resources */ = {isa = PBXBuildFile; fileRef = 915B9DB12389B93C00944194 /* LaunchScreen.storyboard */; };
		9161587823A3C19300F16F42 /* MessageViewController.swift in Sources */ = {isa = PBXBuildFile; fileRef = 9161587723A3C19300F16F42 /* MessageViewController.swift */; };
		9161587C23A3C31F00F16F42 /* MessageCell.swift in Sources */ = {isa = PBXBuildFile; fileRef = 9161587A23A3C31F00F16F42 /* MessageCell.swift */; };
		9161587D23A3C31F00F16F42 /* MessageCell.xib in Resources */ = {isa = PBXBuildFile; fileRef = 9161587B23A3C31F00F16F42 /* MessageCell.xib */; };
		9161587F23A4F7A700F16F42 /* CustomCollectionViewLayout.swift in Sources */ = {isa = PBXBuildFile; fileRef = 9161587E23A4F7A700F16F42 /* CustomCollectionViewLayout.swift */; };
		9164FD312393C92B0089EE2F /* FriendList.swift in Sources */ = {isa = PBXBuildFile; fileRef = 9164FD302393C92B0089EE2F /* FriendList.swift */; };
		9164FD332393D5AA0089EE2F /* FriendCell.swift in Sources */ = {isa = PBXBuildFile; fileRef = 9164FD322393D5AA0089EE2F /* FriendCell.swift */; };
		9164FD352393E33E0089EE2F /* PhotoController.swift in Sources */ = {isa = PBXBuildFile; fileRef = 9164FD342393E33E0089EE2F /* PhotoController.swift */; };
		9164FD3723952D280089EE2F /* BarButtonItem_Add.swift in Sources */ = {isa = PBXBuildFile; fileRef = 9164FD3623952D280089EE2F /* BarButtonItem_Add.swift */; };
		9164FD3A23954DBA0089EE2F /* tol.swift in Sources */ = {isa = PBXBuildFile; fileRef = 9164FD3923954DBA0089EE2F /* tol.swift */; };
		9164FD3F239567EC0089EE2F /* user.swift in Sources */ = {isa = PBXBuildFile; fileRef = 9164FD3E239567EC0089EE2F /* user.swift */; };
		9164FD41239569DB0089EE2F /* Group_vk.swift in Sources */ = {isa = PBXBuildFile; fileRef = 9164FD40239569DB0089EE2F /* Group_vk.swift */; };
		9190B5A723A79950009F054F /* ShareButton.swift in Sources */ = {isa = PBXBuildFile; fileRef = 9190B5A623A79950009F054F /* ShareButton.swift */; };
		9190B5A923A79BB8009F054F /* CommentButton.swift in Sources */ = {isa = PBXBuildFile; fileRef = 9190B5A823A79BB8009F054F /* CommentButton.swift */; };
		9190B5AB23A79DDA009F054F /* PhotoCell.swift in Sources */ = {isa = PBXBuildFile; fileRef = 9190B5AA23A79DDA009F054F /* PhotoCell.swift */; };
		9190B5AD23A7A531009F054F /* ViewButton.swift in Sources */ = {isa = PBXBuildFile; fileRef = 9190B5AC23A7A531009F054F /* ViewButton.swift */; };
		9190B5AF23A7AB0F009F054F /* News.swift in Sources */ = {isa = PBXBuildFile; fileRef = 9190B5AE23A7AB0F009F054F /* News.swift */; };
		9190B5B123A8BEF5009F054F /* Code Nice To Use in Resources */ = {isa = PBXBuildFile; fileRef = 9190B5B023A8BEF5009F054F /* Code Nice To Use */; };
		9190B5B323A9126E009F054F /* CustomWeatherLayout.swift in Sources */ = {isa = PBXBuildFile; fileRef = 9190B5B223A9126E009F054F /* CustomWeatherLayout.swift */; };
		9190B5BB23AA75BC009F054F /* AnimationApple.swift in Sources */ = {isa = PBXBuildFile; fileRef = 9190B5BA23AA75BC009F054F /* AnimationApple.swift */; };
		9190B5BD23ACB34E009F054F /* myMenu.swift in Sources */ = {isa = PBXBuildFile; fileRef = 9190B5BC23ACB34E009F054F /* myMenu.swift */; };
		91A97D772396A07900015775 /* GroupList.swift in Sources */ = {isa = PBXBuildFile; fileRef = 91A97D762396A07900015775 /* GroupList.swift */; };
		91A97D7B2396A62700015775 /* NewGroupList.swift in Sources */ = {isa = PBXBuildFile; fileRef = 91A97D7A2396A62700015775 /* NewGroupList.swift */; };
		91A97D7D2396B07F00015775 /* GroupCell.swift in Sources */ = {isa = PBXBuildFile; fileRef = 91A97D7C2396B07F00015775 /* GroupCell.swift */; };
		91FA97E823AD13D300B9A053 /* groupAnimation.swift in Sources */ = {isa = PBXBuildFile; fileRef = 91FA97E723AD13D300B9A053 /* groupAnimation.swift */; };
/* End PBXBuildFile section */

/* Begin PBXFileReference section */
		9116BAC8239D2607005BF293 /* LikeButton.swift */ = {isa = PBXFileReference; lastKnownFileType = sourcecode.swift; path = LikeButton.swift; sourceTree = "<group>"; };
		911E5A6D239A9F73008CD4D6 /* CustomView.swift */ = {isa = PBXFileReference; fileEncoding = 4; lastKnownFileType = sourcecode.swift; path = CustomView.swift; sourceTree = "<group>"; };
		911E5A6F239D08B4008CD4D6 /* CircleShadowImage.swift */ = {isa = PBXFileReference; lastKnownFileType = sourcecode.swift; path = CircleShadowImage.swift; sourceTree = "<group>"; };
		911E5A71239D1113008CD4D6 /* Friend.swift */ = {isa = PBXFileReference; lastKnownFileType = sourcecode.swift; path = Friend.swift; sourceTree = "<group>"; };
		911E5A73239D1377008CD4D6 /* Group.swift */ = {isa = PBXFileReference; lastKnownFileType = sourcecode.swift; path = Group.swift; sourceTree = "<group>"; };
		914E8ACD239E5A960020FFD0 /* Gradient.swift */ = {isa = PBXFileReference; lastKnownFileType = sourcecode.swift; path = Gradient.swift; sourceTree = "<group>"; };
		915B9DA32389B93800944194 /* GeekbrainsUI.app */ = {isa = PBXFileReference; explicitFileType = wrapper.application; includeInIndex = 0; path = GeekbrainsUI.app; sourceTree = BUILT_PRODUCTS_DIR; };
		915B9DA62389B93800944194 /* AppDelegate.swift */ = {isa = PBXFileReference; lastKnownFileType = sourcecode.swift; path = AppDelegate.swift; sourceTree = "<group>"; };
		915B9DA82389B93800944194 /* SceneDelegate.swift */ = {isa = PBXFileReference; lastKnownFileType = sourcecode.swift; path = SceneDelegate.swift; sourceTree = "<group>"; };
		915B9DAA2389B93800944194 /* ViewController.swift */ = {isa = PBXFileReference; lastKnownFileType = sourcecode.swift; path = ViewController.swift; sourceTree = "<group>"; };
		915B9DAD2389B93800944194 /* Base */ = {isa = PBXFileReference; lastKnownFileType = file.storyboard; name = Base; path = Base.lproj/Main.storyboard; sourceTree = "<group>"; };
		915B9DAF2389B93C00944194 /* Assets.xcassets */ = {isa = PBXFileReference; lastKnownFileType = folder.assetcatalog; path = Assets.xcassets; sourceTree = "<group>"; };
		915B9DB22389B93C00944194 /* Base */ = {isa = PBXFileReference; lastKnownFileType = file.storyboard; name = Base; path = Base.lproj/LaunchScreen.storyboard; sourceTree = "<group>"; };
		915B9DB42389B93C00944194 /* Info.plist */ = {isa = PBXFileReference; lastKnownFileType = text.plist.xml; path = Info.plist; sourceTree = "<group>"; };
		9161587723A3C19300F16F42 /* MessageViewController.swift */ = {isa = PBXFileReference; lastKnownFileType = sourcecode.swift; path = MessageViewController.swift; sourceTree = "<group>"; };
		9161587A23A3C31F00F16F42 /* MessageCell.swift */ = {isa = PBXFileReference; lastKnownFileType = sourcecode.swift; path = MessageCell.swift; sourceTree = "<group>"; };
		9161587B23A3C31F00F16F42 /* MessageCell.xib */ = {isa = PBXFileReference; lastKnownFileType = file.xib; path = MessageCell.xib; sourceTree = "<group>"; };
		9161587E23A4F7A700F16F42 /* CustomCollectionViewLayout.swift */ = {isa = PBXFileReference; lastKnownFileType = sourcecode.swift; path = CustomCollectionViewLayout.swift; sourceTree = "<group>"; };
		9164FD302393C92B0089EE2F /* FriendList.swift */ = {isa = PBXFileReference; lastKnownFileType = sourcecode.swift; path = FriendList.swift; sourceTree = "<group>"; };
		9164FD322393D5AA0089EE2F /* FriendCell.swift */ = {isa = PBXFileReference; lastKnownFileType = sourcecode.swift; name = FriendCell.swift; path = ../../Screens/FriendCell.swift; sourceTree = "<group>"; };
		9164FD342393E33E0089EE2F /* PhotoController.swift */ = {isa = PBXFileReference; lastKnownFileType = sourcecode.swift; path = PhotoController.swift; sourceTree = "<group>"; };
		9164FD3623952D280089EE2F /* BarButtonItem_Add.swift */ = {isa = PBXFileReference; lastKnownFileType = sourcecode.swift; path = BarButtonItem_Add.swift; sourceTree = "<group>"; };
		9164FD3923954DBA0089EE2F /* tol.swift */ = {isa = PBXFileReference; lastKnownFileType = sourcecode.swift; path = tol.swift; sourceTree = "<group>"; };
		9164FD3E239567EC0089EE2F /* user.swift */ = {isa = PBXFileReference; lastKnownFileType = sourcecode.swift; path = user.swift; sourceTree = "<group>"; };
		9164FD40239569DB0089EE2F /* Group_vk.swift */ = {isa = PBXFileReference; lastKnownFileType = sourcecode.swift; path = Group_vk.swift; sourceTree = "<group>"; };
		9190B5A623A79950009F054F /* ShareButton.swift */ = {isa = PBXFileReference; lastKnownFileType = sourcecode.swift; path = ShareButton.swift; sourceTree = "<group>"; };
		9190B5A823A79BB8009F054F /* CommentButton.swift */ = {isa = PBXFileReference; lastKnownFileType = sourcecode.swift; path = CommentButton.swift; sourceTree = "<group>"; };
		9190B5AA23A79DDA009F054F /* PhotoCell.swift */ = {isa = PBXFileReference; lastKnownFileType = sourcecode.swift; path = PhotoCell.swift; sourceTree = "<group>"; };
		9190B5AC23A7A531009F054F /* ViewButton.swift */ = {isa = PBXFileReference; lastKnownFileType = sourcecode.swift; path = ViewButton.swift; sourceTree = "<group>"; };
		9190B5AE23A7AB0F009F054F /* News.swift */ = {isa = PBXFileReference; lastKnownFileType = sourcecode.swift; path = News.swift; sourceTree = "<group>"; };
		9190B5B023A8BEF5009F054F /* Code Nice To Use */ = {isa = PBXFileReference; lastKnownFileType = folder; path = "Code Nice To Use"; sourceTree = "<group>"; };
		9190B5B223A9126E009F054F /* CustomWeatherLayout.swift */ = {isa = PBXFileReference; lastKnownFileType = sourcecode.swift; path = CustomWeatherLayout.swift; sourceTree = "<group>"; };
		9190B5BA23AA75BC009F054F /* AnimationApple.swift */ = {isa = PBXFileReference; lastKnownFileType = sourcecode.swift; path = AnimationApple.swift; sourceTree = "<group>"; };
		9190B5BC23ACB34E009F054F /* myMenu.swift */ = {isa = PBXFileReference; lastKnownFileType = sourcecode.swift; path = myMenu.swift; sourceTree = "<group>"; };
		91A97D762396A07900015775 /* GroupList.swift */ = {isa = PBXFileReference; lastKnownFileType = sourcecode.swift; name = GroupList.swift; path = ../UI/GroupList.swift; sourceTree = "<group>"; };
		91A97D7A2396A62700015775 /* NewGroupList.swift */ = {isa = PBXFileReference; lastKnownFileType = sourcecode.swift; path = NewGroupList.swift; sourceTree = "<group>"; };
		91A97D7C2396B07F00015775 /* GroupCell.swift */ = {isa = PBXFileReference; lastKnownFileType = sourcecode.swift; path = GroupCell.swift; sourceTree = "<group>"; };
		91FA97E723AD13D300B9A053 /* groupAnimation.swift */ = {isa = PBXFileReference; lastKnownFileType = sourcecode.swift; path = groupAnimation.swift; sourceTree = "<group>"; };
/* End PBXFileReference section */

/* Begin PBXFrameworksBuildPhase section */
		915B9DA02389B93800944194 /* Frameworks */ = {
			isa = PBXFrameworksBuildPhase;
			buildActionMask = 2147483647;
			files = (
			);
			runOnlyForDeploymentPostprocessing = 0;
		};
/* End PBXFrameworksBuildPhase section */

/* Begin PBXGroup section */
		911E5A6C239A999F008CD4D6 /* UI */ = {
			isa = PBXGroup;
			children = (
				9190B5BA23AA75BC009F054F /* AnimationApple.swift */,
				911E5A6D239A9F73008CD4D6 /* CustomView.swift */,
				911E5A6F239D08B4008CD4D6 /* CircleShadowImage.swift */,
				9116BAC8239D2607005BF293 /* LikeButton.swift */,
				914E8ACD239E5A960020FFD0 /* Gradient.swift */,
				9161587E23A4F7A700F16F42 /* CustomCollectionViewLayout.swift */,
				9190B5A623A79950009F054F /* ShareButton.swift */,
				9190B5A823A79BB8009F054F /* CommentButton.swift */,
				9190B5AC23A7A531009F054F /* ViewButton.swift */,
				9190B5B223A9126E009F054F /* CustomWeatherLayout.swift */,
				9190B5BC23ACB34E009F054F /* myMenu.swift */,
				91FA97E723AD13D300B9A053 /* groupAnimation.swift */,
			);
			path = UI;
			sourceTree = "<group>";
		};
		911E5A75239D1581008CD4D6 /* Screens */ = {
			isa = PBXGroup;
			children = (
				915B9DAA2389B93800944194 /* ViewController.swift */,
				9164FD342393E33E0089EE2F /* PhotoController.swift */,
				91A97D762396A07900015775 /* GroupList.swift */,
				9164FD302393C92B0089EE2F /* FriendList.swift */,
				91A97D7A2396A62700015775 /* NewGroupList.swift */,
			);
			path = Screens;
			sourceTree = "<group>";
		};
		915B9D9A2389B93800944194 = {
			isa = PBXGroup;
			children = (
				915B9DA52389B93800944194 /* GeekbrainsUI */,
				915B9DA42389B93800944194 /* Products */,
			);
			sourceTree = "<group>";
		};
		915B9DA42389B93800944194 /* Products */ = {
			isa = PBXGroup;
			children = (
				915B9DA32389B93800944194 /* GeekbrainsUI.app */,
			);
			name = Products;
			sourceTree = "<group>";
		};
		915B9DA52389B93800944194 /* GeekbrainsUI */ = {
			isa = PBXGroup;
			children = (
				9190B5B023A8BEF5009F054F /* Code Nice To Use */,
				9161587623A3C16700F16F42 /* MessageScreen */,
				911E5A75239D1581008CD4D6 /* Screens */,
				911E5A6C239A999F008CD4D6 /* UI */,
				9164FD3D23955A800089EE2F /* Model */,
				9164FD3823954D930089EE2F /* Group Source */,
				915B9DA62389B93800944194 /* AppDelegate.swift */,
				915B9DA82389B93800944194 /* SceneDelegate.swift */,
				915B9DAC2389B93800944194 /* Main.storyboard */,
				915B9DAF2389B93C00944194 /* Assets.xcassets */,
				915B9DB12389B93C00944194 /* LaunchScreen.storyboard */,
				915B9DB42389B93C00944194 /* Info.plist */,
				9164FD3623952D280089EE2F /* BarButtonItem_Add.swift */,
			);
			path = GeekbrainsUI;
			sourceTree = "<group>";
		};
		9161587623A3C16700F16F42 /* MessageScreen */ = {
			isa = PBXGroup;
			children = (
				9161587923A3C2DE00F16F42 /* Cells */,
				9161587723A3C19300F16F42 /* MessageViewController.swift */,
			);
			path = MessageScreen;
			sourceTree = "<group>";
		};
		9161587923A3C2DE00F16F42 /* Cells */ = {
			isa = PBXGroup;
			children = (
				9164FD322393D5AA0089EE2F /* FriendCell.swift */,
				9161587A23A3C31F00F16F42 /* MessageCell.swift */,
				91A97D7C2396B07F00015775 /* GroupCell.swift */,
				9161587B23A3C31F00F16F42 /* MessageCell.xib */,
				9190B5AA23A79DDA009F054F /* PhotoCell.swift */,
			);
			path = Cells;
			sourceTree = "<group>";
		};
		9164FD3823954D930089EE2F /* Group Source */ = {
			isa = PBXGroup;
			children = (
				9164FD3923954DBA0089EE2F /* tol.swift */,
			);
			path = "Group Source";
			sourceTree = "<group>";
		};
		9164FD3D23955A800089EE2F /* Model */ = {
			isa = PBXGroup;
			children = (
				9164FD3E239567EC0089EE2F /* user.swift */,
				9164FD40239569DB0089EE2F /* Group_vk.swift */,
				911E5A71239D1113008CD4D6 /* Friend.swift */,
				911E5A73239D1377008CD4D6 /* Group.swift */,
				9190B5AE23A7AB0F009F054F /* News.swift */,
			);
			path = Model;
			sourceTree = "<group>";
		};
/* End PBXGroup section */

/* Begin PBXNativeTarget section */
		915B9DA22389B93800944194 /* GeekbrainsUI */ = {
			isa = PBXNativeTarget;
			buildConfigurationList = 915B9DB72389B93C00944194 /* Build configuration list for PBXNativeTarget "GeekbrainsUI" */;
			buildPhases = (
				915B9D9F2389B93800944194 /* Sources */,
				915B9DA02389B93800944194 /* Frameworks */,
				915B9DA12389B93800944194 /* Resources */,
			);
			buildRules = (
			);
			dependencies = (
			);
			name = GeekbrainsUI;
			productName = GeekbrainsUI;
			productReference = 915B9DA32389B93800944194 /* GeekbrainsUI.app */;
			productType = "com.apple.product-type.application";
		};
/* End PBXNativeTarget section */

/* Begin PBXProject section */
		915B9D9B2389B93800944194 /* Project object */ = {
			isa = PBXProject;
			attributes = {
				LastSwiftUpdateCheck = 1120;
				LastUpgradeCheck = 1120;
				ORGANIZATIONNAME = "raskin-sa";
				TargetAttributes = {
					915B9DA22389B93800944194 = {
						CreatedOnToolsVersion = 11.2.1;
					};
				};
			};
			buildConfigurationList = 915B9D9E2389B93800944194 /* Build configuration list for PBXProject "GeekbrainsUI" */;
			compatibilityVersion = "Xcode 9.3";
			developmentRegion = en;
			hasScannedForEncodings = 0;
			knownRegions = (
				en,
				Base,
			);
			mainGroup = 915B9D9A2389B93800944194;
			productRefGroup = 915B9DA42389B93800944194 /* Products */;
			projectDirPath = "";
			projectRoot = "";
			targets = (
				915B9DA22389B93800944194 /* GeekbrainsUI */,
			);
		};
/* End PBXProject section */

/* Begin PBXResourcesBuildPhase section */
		915B9DA12389B93800944194 /* Resources */ = {
			isa = PBXResourcesBuildPhase;
			buildActionMask = 2147483647;
			files = (
				915B9DB32389B93C00944194 /* LaunchScreen.storyboard in Resources */,
				9190B5B123A8BEF5009F054F /* Code Nice To Use in Resources */,
				9161587D23A3C31F00F16F42 /* MessageCell.xib in Resources */,
				915B9DB02389B93C00944194 /* Assets.xcassets in Resources */,
				915B9DAE2389B93800944194 /* Main.storyboard in Resources */,
			);
			runOnlyForDeploymentPostprocessing = 0;
		};
/* End PBXResourcesBuildPhase section */

/* Begin PBXSourcesBuildPhase section */
		915B9D9F2389B93800944194 /* Sources */ = {
			isa = PBXSourcesBuildPhase;
			buildActionMask = 2147483647;
			files = (
				9190B5BD23ACB34E009F054F /* myMenu.swift in Sources */,
				9164FD3723952D280089EE2F /* BarButtonItem_Add.swift in Sources */,
				911E5A74239D1377008CD4D6 /* Group.swift in Sources */,
				915B9DAB2389B93800944194 /* ViewController.swift in Sources */,
				9190B5A723A79950009F054F /* ShareButton.swift in Sources */,
				91A97D7B2396A62700015775 /* NewGroupList.swift in Sources */,
				911E5A6E239A9F73008CD4D6 /* CustomView.swift in Sources */,
				9190B5AB23A79DDA009F054F /* PhotoCell.swift in Sources */,
				914E8ACE239E5A960020FFD0 /* Gradient.swift in Sources */,
				915B9DA72389B93800944194 /* AppDelegate.swift in Sources */,
				9164FD3A23954DBA0089EE2F /* tol.swift in Sources */,
				91A97D772396A07900015775 /* GroupList.swift in Sources */,
				915B9DA92389B93800944194 /* SceneDelegate.swift in Sources */,
				9190B5A923A79BB8009F054F /* CommentButton.swift in Sources */,
				9190B5BB23AA75BC009F054F /* AnimationApple.swift in Sources */,
				91FA97E823AD13D300B9A053 /* groupAnimation.swift in Sources */,
				9190B5B323A9126E009F054F /* CustomWeatherLayout.swift in Sources */,
				91A97D7D2396B07F00015775 /* GroupCell.swift in Sources */,
				9116BAC9239D2607005BF293 /* LikeButton.swift in Sources */,
				9164FD3F239567EC0089EE2F /* user.swift in Sources */,
				911E5A70239D08B4008CD4D6 /* CircleShadowImage.swift in Sources */,
				9190B5AF23A7AB0F009F054F /* News.swift in Sources */,
				9161587823A3C19300F16F42 /* MessageViewController.swift in Sources */,
				9164FD352393E33E0089EE2F /* PhotoController.swift in Sources */,
				9164FD312393C92B0089EE2F /* FriendList.swift in Sources */,
				9190B5AD23A7A531009F054F /* ViewButton.swift in Sources */,
				9164FD41239569DB0089EE2F /* Group_vk.swift in Sources */,
				9164FD332393D5AA0089EE2F /* FriendCell.swift in Sources */,
				911E5A72239D1113008CD4D6 /* Friend.swift in Sources */,
				9161587F23A4F7A700F16F42 /* CustomCollectionViewLayout.swift in Sources */,
				9161587C23A3C31F00F16F42 /* MessageCell.swift in Sources */,
			);
			runOnlyForDeploymentPostprocessing = 0;
		};
/* End PBXSourcesBuildPhase section */

/* Begin PBXVariantGroup section */
		915B9DAC2389B93800944194 /* Main.storyboard */ = {
			isa = PBXVariantGroup;
			children = (
				915B9DAD2389B93800944194 /* Base */,
			);
			name = Main.storyboard;
			sourceTree = "<group>";
		};
		915B9DB12389B93C00944194 /* LaunchScreen.storyboard */ = {
			isa = PBXVariantGroup;
			children = (
				915B9DB22389B93C00944194 /* Base */,
			);
			name = LaunchScreen.storyboard;
			sourceTree = "<group>";
		};
/* End PBXVariantGroup section */

/* Begin XCBuildConfiguration section */
		915B9DB52389B93C00944194 /* Debug */ = {
			isa = XCBuildConfiguration;
			buildSettings = {
				ALWAYS_SEARCH_USER_PATHS = NO;
				CLANG_ANALYZER_NONNULL = YES;
				CLANG_ANALYZER_NUMBER_OBJECT_CONVERSION = YES_AGGRESSIVE;
				CLANG_CXX_LANGUAGE_STANDARD = "gnu++14";
				CLANG_CXX_LIBRARY = "libc++";
				CLANG_ENABLE_MODULES = YES;
				CLANG_ENABLE_OBJC_ARC = YES;
				CLANG_ENABLE_OBJC_WEAK = YES;
				CLANG_WARN_BLOCK_CAPTURE_AUTORELEASING = YES;
				CLANG_WARN_BOOL_CONVERSION = YES;
				CLANG_WARN_COMMA = YES;
				CLANG_WARN_CONSTANT_CONVERSION = YES;
				CLANG_WARN_DEPRECATED_OBJC_IMPLEMENTATIONS = YES;
				CLANG_WARN_DIRECT_OBJC_ISA_USAGE = YES_ERROR;
				CLANG_WARN_DOCUMENTATION_COMMENTS = YES;
				CLANG_WARN_EMPTY_BODY = YES;
				CLANG_WARN_ENUM_CONVERSION = YES;
				CLANG_WARN_INFINITE_RECURSION = YES;
				CLANG_WARN_INT_CONVERSION = YES;
				CLANG_WARN_NON_LITERAL_NULL_CONVERSION = YES;
				CLANG_WARN_OBJC_IMPLICIT_RETAIN_SELF = YES;
				CLANG_WARN_OBJC_LITERAL_CONVERSION = YES;
				CLANG_WARN_OBJC_ROOT_CLASS = YES_ERROR;
				CLANG_WARN_RANGE_LOOP_ANALYSIS = YES;
				CLANG_WARN_STRICT_PROTOTYPES = YES;
				CLANG_WARN_SUSPICIOUS_MOVE = YES;
				CLANG_WARN_UNGUARDED_AVAILABILITY = YES_AGGRESSIVE;
				CLANG_WARN_UNREACHABLE_CODE = YES;
				CLANG_WARN__DUPLICATE_METHOD_MATCH = YES;
				COPY_PHASE_STRIP = NO;
				DEBUG_INFORMATION_FORMAT = dwarf;
				ENABLE_STRICT_OBJC_MSGSEND = YES;
				ENABLE_TESTABILITY = YES;
				GCC_C_LANGUAGE_STANDARD = gnu11;
				GCC_DYNAMIC_NO_PIC = NO;
				GCC_NO_COMMON_BLOCKS = YES;
				GCC_OPTIMIZATION_LEVEL = 0;
				GCC_PREPROCESSOR_DEFINITIONS = (
					"DEBUG=1",
					"$(inherited)",
				);
				GCC_WARN_64_TO_32_BIT_CONVERSION = YES;
				GCC_WARN_ABOUT_RETURN_TYPE = YES_ERROR;
				GCC_WARN_UNDECLARED_SELECTOR = YES;
				GCC_WARN_UNINITIALIZED_AUTOS = YES_AGGRESSIVE;
				GCC_WARN_UNUSED_FUNCTION = YES;
				GCC_WARN_UNUSED_VARIABLE = YES;
				IPHONEOS_DEPLOYMENT_TARGET = 13.2;
				MTL_ENABLE_DEBUG_INFO = INCLUDE_SOURCE;
				MTL_FAST_MATH = YES;
				ONLY_ACTIVE_ARCH = YES;
				SDKROOT = iphoneos;
				SWIFT_ACTIVE_COMPILATION_CONDITIONS = DEBUG;
				SWIFT_OPTIMIZATION_LEVEL = "-Onone";
			};
			name = Debug;
		};
		915B9DB62389B93C00944194 /* Release */ = {
			isa = XCBuildConfiguration;
			buildSettings = {
				ALWAYS_SEARCH_USER_PATHS = NO;
				CLANG_ANALYZER_NONNULL = YES;
				CLANG_ANALYZER_NUMBER_OBJECT_CONVERSION = YES_AGGRESSIVE;
				CLANG_CXX_LANGUAGE_STANDARD = "gnu++14";
				CLANG_CXX_LIBRARY = "libc++";
				CLANG_ENABLE_MODULES = YES;
				CLANG_ENABLE_OBJC_ARC = YES;
				CLANG_ENABLE_OBJC_WEAK = YES;
				CLANG_WARN_BLOCK_CAPTURE_AUTORELEASING = YES;
				CLANG_WARN_BOOL_CONVERSION = YES;
				CLANG_WARN_COMMA = YES;
				CLANG_WARN_CONSTANT_CONVERSION = YES;
				CLANG_WARN_DEPRECATED_OBJC_IMPLEMENTATIONS = YES;
				CLANG_WARN_DIRECT_OBJC_ISA_USAGE = YES_ERROR;
				CLANG_WARN_DOCUMENTATION_COMMENTS = YES;
				CLANG_WARN_EMPTY_BODY = YES;
				CLANG_WARN_ENUM_CONVERSION = YES;
				CLANG_WARN_INFINITE_RECURSION = YES;
				CLANG_WARN_INT_CONVERSION = YES;
				CLANG_WARN_NON_LITERAL_NULL_CONVERSION = YES;
				CLANG_WARN_OBJC_IMPLICIT_RETAIN_SELF = YES;
				CLANG_WARN_OBJC_LITERAL_CONVERSION = YES;
				CLANG_WARN_OBJC_ROOT_CLASS = YES_ERROR;
				CLANG_WARN_RANGE_LOOP_ANALYSIS = YES;
				CLANG_WARN_STRICT_PROTOTYPES = YES;
				CLANG_WARN_SUSPICIOUS_MOVE = YES;
				CLANG_WARN_UNGUARDED_AVAILABILITY = YES_AGGRESSIVE;
				CLANG_WARN_UNREACHABLE_CODE = YES;
				CLANG_WARN__DUPLICATE_METHOD_MATCH = YES;
				COPY_PHASE_STRIP = NO;
				DEBUG_INFORMATION_FORMAT = "dwarf-with-dsym";
				ENABLE_NS_ASSERTIONS = NO;
				ENABLE_STRICT_OBJC_MSGSEND = YES;
				GCC_C_LANGUAGE_STANDARD = gnu11;
				GCC_NO_COMMON_BLOCKS = YES;
				GCC_WARN_64_TO_32_BIT_CONVERSION = YES;
				GCC_WARN_ABOUT_RETURN_TYPE = YES_ERROR;
				GCC_WARN_UNDECLARED_SELECTOR = YES;
				GCC_WARN_UNINITIALIZED_AUTOS = YES_AGGRESSIVE;
				GCC_WARN_UNUSED_FUNCTION = YES;
				GCC_WARN_UNUSED_VARIABLE = YES;
				IPHONEOS_DEPLOYMENT_TARGET = 13.2;
				MTL_ENABLE_DEBUG_INFO = NO;
				MTL_FAST_MATH = YES;
				SDKROOT = iphoneos;
				SWIFT_COMPILATION_MODE = wholemodule;
				SWIFT_OPTIMIZATION_LEVEL = "-O";
				VALIDATE_PRODUCT = YES;
			};
			name = Release;
		};
		915B9DB82389B93C00944194 /* Debug */ = {
			isa = XCBuildConfiguration;
			buildSettings = {
				ASSETCATALOG_COMPILER_APPICON_NAME = AppIcon;
				CODE_SIGN_STYLE = Automatic;
				DEVELOPMENT_TEAM = 5C3KKHP5ML;
				INFOPLIST_FILE = GeekbrainsUI/Info.plist;
				LD_RUNPATH_SEARCH_PATHS = (
					"$(inherited)",
					"@executable_path/Frameworks",
				);
				PRODUCT_BUNDLE_IDENTIFIER = home.GeekbrainsUI;
				PRODUCT_NAME = "$(TARGET_NAME)";
				SWIFT_VERSION = 5.0;
				TARGETED_DEVICE_FAMILY = "1,2";
			};
			name = Debug;
		};
		915B9DB92389B93C00944194 /* Release */ = {
			isa = XCBuildConfiguration;
			buildSettings = {
				ASSETCATALOG_COMPILER_APPICON_NAME = AppIcon;
				CODE_SIGN_STYLE = Automatic;
				DEVELOPMENT_TEAM = 5C3KKHP5ML;
				INFOPLIST_FILE = GeekbrainsUI/Info.plist;
				LD_RUNPATH_SEARCH_PATHS = (
					"$(inherited)",
					"@executable_path/Frameworks",
				);
				PRODUCT_BUNDLE_IDENTIFIER = home.GeekbrainsUI;
				PRODUCT_NAME = "$(TARGET_NAME)";
				SWIFT_VERSION = 5.0;
				TARGETED_DEVICE_FAMILY = "1,2";
			};
			name = Release;
		};
/* End XCBuildConfiguration section */

/* Begin XCConfigurationList section */
		915B9D9E2389B93800944194 /* Build configuration list for PBXProject "GeekbrainsUI" */ = {
			isa = XCConfigurationList;
			buildConfigurations = (
				915B9DB52389B93C00944194 /* Debug */,
				915B9DB62389B93C00944194 /* Release */,
			);
			defaultConfigurationIsVisible = 0;
			defaultConfigurationName = Release;
		};
		915B9DB72389B93C00944194 /* Build configuration list for PBXNativeTarget "GeekbrainsUI" */ = {
			isa = XCConfigurationList;
			buildConfigurations = (
				915B9DB82389B93C00944194 /* Debug */,
				915B9DB92389B93C00944194 /* Release */,
			);
			defaultConfigurationIsVisible = 0;
			defaultConfigurationName = Release;
		};
/* End XCConfigurationList section */
	};
	rootObject = 915B9D9B2389B93800944194 /* Project object */;
}
